
Microsoft Visual Studio Solution File, Format Version 12.00
# Visual Studio 2012
Project("{888888A0-9F3D-457C-B088-3A5042F75D52}") = "Astarael", "Astarael.pyproj", "{869A6F0E-F41D-45FE-8010-59593BD89BBC}"
EndProject
Global
	GlobalSection(SolutionConfigurationPlatforms) = preSolution
		Debug|Any CPU = Debug|Any CPU
		Release|Any CPU = Release|Any CPU
	EndGlobalSection
	GlobalSection(ProjectConfigurationPlatforms) = postSolution
		{869A6F0E-F41D-45FE-8010-59593BD89BBC}.Debug|Any CPU.ActiveCfg = Debug|Any CPU
		{869A6F0E-F41D-45FE-8010-59593BD89BBC}.Debug|Any CPU.Build.0 = Debug|Any CPU
		{869A6F0E-F41D-45FE-8010-59593BD89BBC}.Release|Any CPU.ActiveCfg = Release|Any CPU
		{869A6F0E-F41D-45FE-8010-59593BD89BBC}.Release|Any CPU.Build.0 = Release|Any CPU
	EndGlobalSection
	GlobalSection(SolutionProperties) = preSolution
		HideSolutionNode = FALSE
	EndGlobalSection
EndGlobal
